{
  "version": 4,
  "terraform_version": "1.9.7",
  "serial": 20,
  "lineage": "31a2bb6d-fbfc-8bef-85b0-2f2f24e752a4",
  "outputs": {},
  "resources": [
    {
      "mode": "managed",
      "type": "google_cloudfunctions_function",
      "name": "function_deploy",
      "provider": "provider[\"registry.terraform.io/hashicorp/google\"]",
      "instances": [
        {
          "status": "tainted",
          "schema_version": 0,
          "attributes": {
            "available_memory_mb": 256,
            "build_environment_variables": null,
            "build_service_account": null,
            "build_worker_pool": null,
            "description": null,
            "docker_registry": null,
            "docker_repository": null,
            "effective_labels": {
              "goog-terraform-provisioned": "true"
            },
            "entry_point": "process_csv",
            "environment_variables": null,
            "event_trigger": null,
            "https_trigger_security_level": null,
            "https_trigger_url": null,
            "id": "projects/terraform-438214/locations/us-central1/functions/csv_to_parquet",
            "ingress_settings": "ALLOW_ALL",
            "kms_key_name": null,
            "labels": null,
            "max_instances": null,
            "min_instances": null,
            "name": "csv_to_parquet",
            "project": "terraform-438214",
            "region": "us-central1",
            "runtime": "python39",
            "secret_environment_variables": [],
            "secret_volumes": [],
            "service_account_email": null,
            "source_archive_bucket": "terraform-marie-bucket-by-marie",
            "source_archive_object": "function.zip",
            "source_repository": [],
            "status": null,
            "terraform_labels": {
              "goog-terraform-provisioned": "true"
            },
            "timeout": 60,
            "timeouts": null,
            "trigger_http": true,
            "version_id": null,
            "vpc_connector": null,
            "vpc_connector_egress_settings": null
          },
          "sensitive_attributes": [],
          "private": "eyJlMmJmYjczMC1lY2FhLTExZTYtOGY4OC0zNDM2M2JjN2M0YzAiOnsiY3JlYXRlIjozMDAwMDAwMDAwMDAsImRlbGV0ZSI6MzAwMDAwMDAwMDAwLCJyZWFkIjozMDAwMDAwMDAwMDAsInVwZGF0ZSI6MzAwMDAwMDAwMDAwfX0=",
          "dependencies": [
            "google_storage_bucket.bucket_ma",
            "google_storage_bucket_object.function_zip"
          ]
        }
      ]
    },
    {
      "mode": "managed",
      "type": "google_storage_bucket",
      "name": "bucket_ma",
      "provider": "provider[\"registry.terraform.io/hashicorp/google\"]",
      "instances": [
        {
          "schema_version": 3,
          "attributes": {
            "autoclass": [],
            "cors": [],
            "custom_placement_config": [],
            "default_event_based_hold": false,
            "effective_labels": {
              "goog-terraform-provisioned": "true"
            },
            "enable_object_retention": false,
            "encryption": [],
            "force_destroy": false,
            "id": "terraform-marie-bucket-by-marie",
            "labels": {},
            "lifecycle_rule": [],
            "location": "EU",
            "logging": [],
            "name": "terraform-marie-bucket-by-marie",
            "project": "terraform-438214",
            "project_number": 277807655196,
            "public_access_prevention": "inherited",
            "requester_pays": false,
            "retention_policy": [],
            "rpo": "DEFAULT",
            "self_link": "https://www.googleapis.com/storage/v1/b/terraform-marie-bucket-by-marie",
            "soft_delete_policy": [
              {
                "effective_time": "2024-10-11T08:54:46.675Z",
                "retention_duration_seconds": 604800
              }
            ],
            "storage_class": "STANDARD",
            "terraform_labels": {
              "goog-terraform-provisioned": "true"
            },
            "timeouts": null,
            "uniform_bucket_level_access": false,
            "url": "gs://terraform-marie-bucket-by-marie",
            "versioning": [],
            "website": []
          },
          "sensitive_attributes": [],
          "private": "eyJlMmJmYjczMC1lY2FhLTExZTYtOGY4OC0zNDM2M2JjN2M0YzAiOnsiY3JlYXRlIjo2MDAwMDAwMDAwMDAsInJlYWQiOjI0MDAwMDAwMDAwMCwidXBkYXRlIjoyNDAwMDAwMDAwMDB9LCJzY2hlbWFfdmVyc2lvbiI6IjMifQ=="
        }
      ]
    },
    {
      "mode": "managed",
      "type": "google_storage_bucket_object",
      "name": "csv_files",
      "provider": "provider[\"registry.terraform.io/hashicorp/google\"]",
      "instances": [
        {
          "index_key": "file_csv1.csv",
          "schema_version": 0,
          "attributes": {
            "bucket": "terraform-marie-bucket-by-marie",
            "cache_control": "",
            "content": null,
            "content_disposition": "",
            "content_encoding": "",
            "content_language": "",
            "content_type": "text/plain; charset=utf-8",
            "crc32c": "CyHV8A==",
            "customer_encryption": [],
            "detect_md5hash": "icmPeKBQOhAZy0MfBnvR5Q==",
            "event_based_hold": false,
            "generation": 1728637452084076,
            "id": "terraform-marie-bucket-by-marie-file_csv1.csv",
            "kms_key_name": "",
            "md5hash": "icmPeKBQOhAZy0MfBnvR5Q==",
            "media_link": "https://storage.googleapis.com/download/storage/v1/b/terraform-marie-bucket-by-marie/o/file_csv1.csv?generation=1728637452084076\u0026alt=media",
            "metadata": {},
            "name": "file_csv1.csv",
            "output_name": "file_csv1.csv",
            "retention": [],
            "self_link": "https://www.googleapis.com/storage/v1/b/terraform-marie-bucket-by-marie/o/file_csv1.csv",
            "source": "../source_files/clients.csv",
            "storage_class": "STANDARD",
            "temporary_hold": false,
            "timeouts": null
          },
          "sensitive_attributes": [
            [
              {
                "type": "get_attr",
                "value": "content"
              }
            ]
          ],
          "private": "eyJlMmJmYjczMC1lY2FhLTExZTYtOGY4OC0zNDM2M2JjN2M0YzAiOnsiY3JlYXRlIjoyNDAwMDAwMDAwMDAsImRlbGV0ZSI6MjQwMDAwMDAwMDAwLCJ1cGRhdGUiOjI0MDAwMDAwMDAwMH19",
          "dependencies": [
            "google_storage_bucket.bucket_ma"
          ]
        },
        {
          "index_key": "file_csv2.csv",
          "schema_version": 0,
          "attributes": {
            "bucket": "terraform-marie-bucket-by-marie",
            "cache_control": "",
            "content": null,
            "content_disposition": "",
            "content_encoding": "",
            "content_language": "",
            "content_type": "text/plain; charset=utf-8",
            "crc32c": "nzXfXQ==",
            "customer_encryption": [],
            "detect_md5hash": "Vf9nTj8W79X8qiqDUtGghQ==",
            "event_based_hold": false,
            "generation": 1728637452091410,
            "id": "terraform-marie-bucket-by-marie-file_csv2.csv",
            "kms_key_name": "",
            "md5hash": "Vf9nTj8W79X8qiqDUtGghQ==",
            "media_link": "https://storage.googleapis.com/download/storage/v1/b/terraform-marie-bucket-by-marie/o/file_csv2.csv?generation=1728637452091410\u0026alt=media",
            "metadata": {},
            "name": "file_csv2.csv",
            "output_name": "file_csv2.csv",
            "retention": [],
            "self_link": "https://www.googleapis.com/storage/v1/b/terraform-marie-bucket-by-marie/o/file_csv2.csv",
            "source": "../source_files/produits.csv",
            "storage_class": "STANDARD",
            "temporary_hold": false,
            "timeouts": null
          },
          "sensitive_attributes": [
            [
              {
                "type": "get_attr",
                "value": "content"
              }
            ]
          ],
          "private": "eyJlMmJmYjczMC1lY2FhLTExZTYtOGY4OC0zNDM2M2JjN2M0YzAiOnsiY3JlYXRlIjoyNDAwMDAwMDAwMDAsImRlbGV0ZSI6MjQwMDAwMDAwMDAwLCJ1cGRhdGUiOjI0MDAwMDAwMDAwMH19",
          "dependencies": [
            "google_storage_bucket.bucket_ma"
          ]
        },
        {
          "index_key": "file_csv3.csv",
          "schema_version": 0,
          "attributes": {
            "bucket": "terraform-marie-bucket-by-marie",
            "cache_control": "",
            "content": null,
            "content_disposition": "",
            "content_encoding": "",
            "content_language": "",
            "content_type": "text/plain; charset=utf-8",
            "crc32c": "6sacrw==",
            "customer_encryption": [],
            "detect_md5hash": "KL9yCk8KDUveQOuLSkqNtg==",
            "event_based_hold": false,
            "generation": 1728637452086332,
            "id": "terraform-marie-bucket-by-marie-file_csv3.csv",
            "kms_key_name": "",
            "md5hash": "KL9yCk8KDUveQOuLSkqNtg==",
            "media_link": "https://storage.googleapis.com/download/storage/v1/b/terraform-marie-bucket-by-marie/o/file_csv3.csv?generation=1728637452086332\u0026alt=media",
            "metadata": {},
            "name": "file_csv3.csv",
            "output_name": "file_csv3.csv",
            "retention": [],
            "self_link": "https://www.googleapis.com/storage/v1/b/terraform-marie-bucket-by-marie/o/file_csv3.csv",
            "source": "../source_files/stocks.csv",
            "storage_class": "STANDARD",
            "temporary_hold": false,
            "timeouts": null
          },
          "sensitive_attributes": [
            [
              {
                "type": "get_attr",
                "value": "content"
              }
            ]
          ],
          "private": "eyJlMmJmYjczMC1lY2FhLTExZTYtOGY4OC0zNDM2M2JjN2M0YzAiOnsiY3JlYXRlIjoyNDAwMDAwMDAwMDAsImRlbGV0ZSI6MjQwMDAwMDAwMDAwLCJ1cGRhdGUiOjI0MDAwMDAwMDAwMH19",
          "dependencies": [
            "google_storage_bucket.bucket_ma"
          ]
        },
        {
          "index_key": "file_csv4.csv",
          "schema_version": 0,
          "attributes": {
            "bucket": "terraform-marie-bucket-by-marie",
            "cache_control": "",
            "content": null,
            "content_disposition": "",
            "content_encoding": "",
            "content_language": "",
            "content_type": "text/plain; charset=utf-8",
            "crc32c": "r/7MEg==",
            "customer_encryption": [],
            "detect_md5hash": "HFDF+Pfzymos5wXMT3G8qA==",
            "event_based_hold": false,
            "generation": 1728637452085589,
            "id": "terraform-marie-bucket-by-marie-file_csv4.csv",
            "kms_key_name": "",
            "md5hash": "HFDF+Pfzymos5wXMT3G8qA==",
            "media_link": "https://storage.googleapis.com/download/storage/v1/b/terraform-marie-bucket-by-marie/o/file_csv4.csv?generation=1728637452085589\u0026alt=media",
            "metadata": {},
            "name": "file_csv4.csv",
            "output_name": "file_csv4.csv",
            "retention": [],
            "self_link": "https://www.googleapis.com/storage/v1/b/terraform-marie-bucket-by-marie/o/file_csv4.csv",
            "source": "../source_files/ventes.csv",
            "storage_class": "STANDARD",
            "temporary_hold": false,
            "timeouts": null
          },
          "sensitive_attributes": [
            [
              {
                "type": "get_attr",
                "value": "content"
              }
            ]
          ],
          "private": "eyJlMmJmYjczMC1lY2FhLTExZTYtOGY4OC0zNDM2M2JjN2M0YzAiOnsiY3JlYXRlIjoyNDAwMDAwMDAwMDAsImRlbGV0ZSI6MjQwMDAwMDAwMDAwLCJ1cGRhdGUiOjI0MDAwMDAwMDAwMH19",
          "dependencies": [
            "google_storage_bucket.bucket_ma"
          ]
        }
      ]
    },
    {
      "mode": "managed",
      "type": "google_storage_bucket_object",
      "name": "function_zip",
      "provider": "provider[\"registry.terraform.io/hashicorp/google\"]",
      "instances": [
        {
          "schema_version": 0,
          "attributes": {
            "bucket": "terraform-marie-bucket-by-marie",
            "cache_control": "",
            "content": null,
            "content_disposition": "",
            "content_encoding": "",
            "content_language": "",
            "content_type": "application/zip",
            "crc32c": "dYnUZQ==",
            "customer_encryption": [],
            "detect_md5hash": "+8Lp86++ROA8dWiPDTFT5w==",
            "event_based_hold": false,
            "generation": 1728651285287416,
            "id": "terraform-marie-bucket-by-marie-function.zip",
            "kms_key_name": "",
            "md5hash": "+8Lp86++ROA8dWiPDTFT5w==",
            "media_link": "https://storage.googleapis.com/download/storage/v1/b/terraform-marie-bucket-by-marie/o/function.zip?generation=1728651285287416\u0026alt=media",
            "metadata": {},
            "name": "function.zip",
            "output_name": "function.zip",
            "retention": [],
            "self_link": "https://www.googleapis.com/storage/v1/b/terraform-marie-bucket-by-marie/o/function.zip",
            "source": "function.zip",
            "storage_class": "STANDARD",
            "temporary_hold": false,
            "timeouts": null
          },
          "sensitive_attributes": [
            [
              {
                "type": "get_attr",
                "value": "content"
              }
            ]
          ],
          "private": "eyJlMmJmYjczMC1lY2FhLTExZTYtOGY4OC0zNDM2M2JjN2M0YzAiOnsiY3JlYXRlIjoyNDAwMDAwMDAwMDAsImRlbGV0ZSI6MjQwMDAwMDAwMDAwLCJ1cGRhdGUiOjI0MDAwMDAwMDAwMH19",
          "dependencies": [
            "google_storage_bucket.bucket_ma"
          ]
        }
      ]
    }
  ],
  "check_results": null
}
